
Microsoft Visual Studio Solution File, Format Version 12.00
# Visual Studio Version 16
VisualStudioVersion = 16.0.30114.105
MinimumVisualStudioVersion = 10.0.40219.1
Project("{FAE04EC0-301F-11D3-BF4B-00C04F79EFBC}") = "Morse", "Morse\Morse.csproj", "{1F13DEAB-D322-4E05-84D1-35E691F77AA9}"
EndProject
Global
	GlobalSection(SolutionConfigurationPlatforms) = preSolution
		Debug|Any CPU = Debug|Any CPU
		Release|Any CPU = Release|Any CPU
	EndGlobalSection
	GlobalSection(ProjectConfigurationPlatforms) = postSolution
		{1F13DEAB-D322-4E05-84D1-35E691F77AA9}.Debug|Any CPU.ActiveCfg = Debug|Any CPU
		{1F13DEAB-D322-4E05-84D1-35E691F77AA9}.Debug|Any CPU.Build.0 = Debug|Any CPU
		{1F13DEAB-D322-4E05-84D1-35E691F77AA9}.Release|Any CPU.ActiveCfg = Release|Any CPU
		{1F13DEAB-D322-4E05-84D1-35E691F77AA9}.Release|Any CPU.Build.0 = Release|Any CPU
	EndGlobalSection
	GlobalSection(SolutionProperties) = preSolution
		HideSolutionNode = FALSE
	EndGlobalSection
	GlobalSection(ExtensibilityGlobals) = postSolution
		SolutionGuid = {D445008E-8BCD-4291-9EF0-5F676E6E8BAF}
	EndGlobalSection
EndGlobal
